
Microsoft Visual Studio Solution File, Format Version 12.00
# Visual Studio Version 17
VisualStudioVersion = 17.14.37314.3 d17.14
MinimumVisualStudioVersion = 10.0.40219.1
Project("{FAE04EC0-301F-11D3-BF4B-00C04F79EFBC}") = "Referral-Management.Api", "Referral-Management.Api\Referral-Management.Api.csproj", "{EFD3F1FE-E15C-4404-B8F6-56B41D908BD4}"
EndProject
Global
	GlobalSection(SolutionConfigurationPlatforms) = preSolution
		Debug|Any CPU = Debug|Any CPU
		Release|Any CPU = Release|Any CPU
	EndGlobalSection
	GlobalSection(ProjectConfigurationPlatforms) = postSolution
		{EFD3F1FE-E15C-4404-B8F6-56B41D908BD4}.Debug|Any CPU.ActiveCfg = Debug|Any CPU
		{EFD3F1FE-E15C-4404-B8F6-56B41D908BD4}.Debug|Any CPU.Build.0 = Debug|Any CPU
		{EFD3F1FE-E15C-4404-B8F6-56B41D908BD4}.Release|Any CPU.ActiveCfg = Release|Any CPU
		{EFD3F1FE-E15C-4404-B8F6-56B41D908BD4}.Release|Any CPU.Build.0 = Release|Any CPU
	EndGlobalSection
	GlobalSection(SolutionProperties) = preSolution
		HideSolutionNode = FALSE
	EndGlobalSection
	GlobalSection(ExtensibilityGlobals) = postSolution
		SolutionGuid = {7BEBA1B7-F62F-4821-842D-B9488E4C87E1}
	EndGlobalSection
EndGlobal
